
Microsoft Visual Studio Solution File, Format Version 12.00
# Visual Studio Version 17
VisualStudioVersion = 17.0.31903.59
MinimumVisualStudioVersion = 10.0.40219.1
Project("{FAE04EC0-301F-11D3-BF4B-00C04F79EFBC}") = "Miru.Domain", "src\Miru.Domain\Miru.Domain.csproj", "{833F335A-55E0-20CA-78A3-E34EBD020040}"
EndProject
Project("{FAE04EC0-301F-11D3-BF4B-00C04F79EFBC}") = "Miru.Infrastructure", "src\Miru.Infrastructure\Miru.Infrastructure.csproj", "{7694FC1F-56F8-843C-61C0-53D922353308}"
EndProject
Project("{FAE04EC0-301F-11D3-BF4B-00C04F79EFBC}") = "Miru.Test", "src/Miru.Test\Miru.Test.csproj", "{AB7D2579-24E1-436E-B80C-8E471780F955}"
EndProject
Project("{FAE04EC0-301F-11D3-BF4B-00C04F79EFBC}") = "Miru.Contracts", "Miru.Contracts\Miru.Contracts.csproj", "{53AA3C23-086A-425E-8F74-A6B2CC7EC553}"
EndProject
Global
	GlobalSection(SolutionConfigurationPlatforms) = preSolution
		Debug|Any CPU = Debug|Any CPU
		Release|Any CPU = Release|Any CPU
	EndGlobalSection
	GlobalSection(ProjectConfigurationPlatforms) = postSolution
		{833F335A-55E0-20CA-78A3-E34EBD020040}.Debug|Any CPU.ActiveCfg = Debug|Any CPU
		{833F335A-55E0-20CA-78A3-E34EBD020040}.Debug|Any CPU.Build.0 = Debug|Any CPU
		{833F335A-55E0-20CA-78A3-E34EBD020040}.Release|Any CPU.ActiveCfg = Release|Any CPU
		{833F335A-55E0-20CA-78A3-E34EBD020040}.Release|Any CPU.Build.0 = Release|Any CPU
		{7694FC1F-56F8-843C-61C0-53D922353308}.Debug|Any CPU.ActiveCfg = Debug|Any CPU
		{7694FC1F-56F8-843C-61C0-53D922353308}.Debug|Any CPU.Build.0 = Debug|Any CPU
		{7694FC1F-56F8-843C-61C0-53D922353308}.Release|Any CPU.ActiveCfg = Release|Any CPU
		{7694FC1F-56F8-843C-61C0-53D922353308}.Release|Any CPU.Build.0 = Release|Any CPU
		{AB7D2579-24E1-436E-B80C-8E471780F955}.Debug|Any CPU.ActiveCfg = Debug|Any CPU
		{AB7D2579-24E1-436E-B80C-8E471780F955}.Debug|Any CPU.Build.0 = Debug|Any CPU
		{AB7D2579-24E1-436E-B80C-8E471780F955}.Release|Any CPU.ActiveCfg = Release|Any CPU
		{AB7D2579-24E1-436E-B80C-8E471780F955}.Release|Any CPU.Build.0 = Release|Any CPU
		{53AA3C23-086A-425E-8F74-A6B2CC7EC553}.Debug|Any CPU.ActiveCfg = Debug|Any CPU
		{53AA3C23-086A-425E-8F74-A6B2CC7EC553}.Debug|Any CPU.Build.0 = Debug|Any CPU
		{53AA3C23-086A-425E-8F74-A6B2CC7EC553}.Release|Any CPU.ActiveCfg = Release|Any CPU
		{53AA3C23-086A-425E-8F74-A6B2CC7EC553}.Release|Any CPU.Build.0 = Release|Any CPU
	EndGlobalSection
	GlobalSection(SolutionProperties) = preSolution
		HideSolutionNode = FALSE
	EndGlobalSection
	GlobalSection(ExtensibilityGlobals) = postSolution
		SolutionGuid = {1DA8E9BC-0EA0-4644-94AA-DA9066E30AA8}
	EndGlobalSection
EndGlobal
