
Microsoft Visual Studio Solution File, Format Version 12.00
# Visual Studio Version 17
VisualStudioVersion = 17.0.31903.59
MinimumVisualStudioVersion = 10.0.40219.1
Project("{FAE04EC0-301F-11D3-BF4B-00C04F79EFBC}") = "Miru.Domain", "src\Miru.Domain\Miru.Domain.csproj", "{833F335A-55E0-20CA-78A3-E34EBD020040}"
EndProject
Project("{FAE04EC0-301F-11D3-BF4B-00C04F79EFBC}") = "Miru.Infrastructure", "src\Miru.Infrastructure\Miru.Infrastructure.csproj", "{7694FC1F-56F8-843C-61C0-53D922353308}"
EndProject
Project("{FAE04EC0-301F-11D3-BF4B-00C04F79EFBC}") = "Miru.Domain.UnitTests", "tests\Miru.Domain.UnitTests\Miru.Domain.UnitTests.csproj", "{7175FFC4-59CA-0130-B1C6-13ED6F43EBD5}"
EndProject
Global
	GlobalSection(SolutionConfigurationPlatforms) = preSolution
		Debug|Any CPU = Debug|Any CPU
		Release|Any CPU = Release|Any CPU
	EndGlobalSection
	GlobalSection(ProjectConfigurationPlatforms) = postSolution
		{833F335A-55E0-20CA-78A3-E34EBD020040}.Debug|Any CPU.ActiveCfg = Debug|Any CPU
		{833F335A-55E0-20CA-78A3-E34EBD020040}.Debug|Any CPU.Build.0 = Debug|Any CPU
		{833F335A-55E0-20CA-78A3-E34EBD020040}.Release|Any CPU.ActiveCfg = Release|Any CPU
		{833F335A-55E0-20CA-78A3-E34EBD020040}.Release|Any CPU.Build.0 = Release|Any CPU
		{7694FC1F-56F8-843C-61C0-53D922353308}.Debug|Any CPU.ActiveCfg = Debug|Any CPU
		{7694FC1F-56F8-843C-61C0-53D922353308}.Debug|Any CPU.Build.0 = Debug|Any CPU
		{7694FC1F-56F8-843C-61C0-53D922353308}.Release|Any CPU.ActiveCfg = Release|Any CPU
		{7694FC1F-56F8-843C-61C0-53D922353308}.Release|Any CPU.Build.0 = Release|Any CPU
		{7175FFC4-59CA-0130-B1C6-13ED6F43EBD5}.Debug|Any CPU.ActiveCfg = Debug|Any CPU
		{7175FFC4-59CA-0130-B1C6-13ED6F43EBD5}.Debug|Any CPU.Build.0 = Debug|Any CPU
		{7175FFC4-59CA-0130-B1C6-13ED6F43EBD5}.Release|Any CPU.ActiveCfg = Release|Any CPU
		{7175FFC4-59CA-0130-B1C6-13ED6F43EBD5}.Release|Any CPU.Build.0 = Release|Any CPU
	EndGlobalSection
	GlobalSection(SolutionProperties) = preSolution
		HideSolutionNode = FALSE
	EndGlobalSection
	GlobalSection(ExtensibilityGlobals) = postSolution
		SolutionGuid = {1DA8E9BC-0EA0-4644-94AA-DA9066E30AA8}
	EndGlobalSection
EndGlobal
